
Microsoft Visual Studio Solution File, Format Version 12.00
# Visual Studio Version 17
VisualStudioVersion = 17.10.34928.147
MinimumVisualStudioVersion = 10.0.40219.1
Project("{FAE04EC0-301F-11D3-BF4B-00C04F79EFBC}") = "TicTacToe", "TicTacToe\TicTacToe.csproj", "{B07F8691-89D9-479E-9F44-4A01B9B0D6A9}"
EndProject
Project("{FAE04EC0-301F-11D3-BF4B-00C04F79EFBC}") = "TicTacToeLibrary", "TicTacToeLibrary\TicTacToeLibrary.csproj", "{27EFC039-331A-47A7-9E1C-B865D744CA23}"
EndProject
Project("{FAE04EC0-301F-11D3-BF4B-00C04F79EFBC}") = "TicTacToeTests", "TicTacToeTests\TicTacToeTests.csproj", "{D1FBF1B3-740A-41C1-9DFB-FDB11297D507}"
EndProject
Global
	GlobalSection(SolutionConfigurationPlatforms) = preSolution
		Debug|Any CPU = Debug|Any CPU
		Release|Any CPU = Release|Any CPU
	EndGlobalSection
	GlobalSection(ProjectConfigurationPlatforms) = postSolution
		{B07F8691-89D9-479E-9F44-4A01B9B0D6A9}.Debug|Any CPU.ActiveCfg = Debug|Any CPU
		{B07F8691-89D9-479E-9F44-4A01B9B0D6A9}.Debug|Any CPU.Build.0 = Debug|Any CPU
		{B07F8691-89D9-479E-9F44-4A01B9B0D6A9}.Release|Any CPU.ActiveCfg = Release|Any CPU
		{B07F8691-89D9-479E-9F44-4A01B9B0D6A9}.Release|Any CPU.Build.0 = Release|Any CPU
		{27EFC039-331A-47A7-9E1C-B865D744CA23}.Debug|Any CPU.ActiveCfg = Debug|Any CPU
		{27EFC039-331A-47A7-9E1C-B865D744CA23}.Debug|Any CPU.Build.0 = Debug|Any CPU
		{27EFC039-331A-47A7-9E1C-B865D744CA23}.Release|Any CPU.ActiveCfg = Release|Any CPU
		{27EFC039-331A-47A7-9E1C-B865D744CA23}.Release|Any CPU.Build.0 = Release|Any CPU
		{D1FBF1B3-740A-41C1-9DFB-FDB11297D507}.Debug|Any CPU.ActiveCfg = Debug|Any CPU
		{D1FBF1B3-740A-41C1-9DFB-FDB11297D507}.Debug|Any CPU.Build.0 = Debug|Any CPU
		{D1FBF1B3-740A-41C1-9DFB-FDB11297D507}.Release|Any CPU.ActiveCfg = Release|Any CPU
		{D1FBF1B3-740A-41C1-9DFB-FDB11297D507}.Release|Any CPU.Build.0 = Release|Any CPU
	EndGlobalSection
	GlobalSection(SolutionProperties) = preSolution
		HideSolutionNode = FALSE
	EndGlobalSection
	GlobalSection(ExtensibilityGlobals) = postSolution
		SolutionGuid = {354966AE-AC5C-4299-8BE0-AE5AD5AD36A6}
	EndGlobalSection
EndGlobal
